// !$*UTF8*$!
{
	archiveVersion = 1;
	classes = {
	};
	objectVersion = 50;
	objects = {

/* Begin PBXBuildFile section */
		1F77C96621E521BD0093E56B /* AppDelegate.swift in Sources */ = {isa = PBXBuildFile; fileRef = 1F77C96521E521BD0093E56B /* AppDelegate.swift */; };
		1F77C96B21E521BD0093E56B /* Main.storyboard in Resources */ = {isa = PBXBuildFile; fileRef = 1F77C96921E521BD0093E56B /* Main.storyboard */; };
		1F77C96D21E521BF0093E56B /* Assets.xcassets in Resources */ = {isa = PBXBuildFile; fileRef = 1F77C96C21E521BF0093E56B /* Assets.xcassets */; };
		1F77C97021E521BF0093E56B /* LaunchScreen.storyboard in Resources */ = {isa = PBXBuildFile; fileRef = 1F77C96E21E521BF0093E56B /* LaunchScreen.storyboard */; };
		1F77C97B21E521BF0093E56B /* TabBarTests.swift in Sources */ = {isa = PBXBuildFile; fileRef = 1F77C97A21E521BF0093E56B /* TabBarTests.swift */; };
		1F77C98621E521BF0093E56B /* TabBarUITests.swift in Sources */ = {isa = PBXBuildFile; fileRef = 1F77C98521E521BF0093E56B /* TabBarUITests.swift */; };
		1F77C99421E523080093E56B /* TabBarController.swift in Sources */ = {isa = PBXBuildFile; fileRef = 1F77C99321E523080093E56B /* TabBarController.swift */; };
		1F86CB9E21F795B400AEB5CA /* PokemonDetailsViewController.swift in Sources */ = {isa = PBXBuildFile; fileRef = 1F86CB9D21F795B400AEB5CA /* PokemonDetailsViewController.swift */; };
		1FAC5097221C79FD00FED120 /* SearchListCell.swift in Sources */ = {isa = PBXBuildFile; fileRef = 1FAC5096221C79FD00FED120 /* SearchListCell.swift */; };
		1FAC5099221C7E7D00FED120 /* SearchViewController.swift in Sources */ = {isa = PBXBuildFile; fileRef = 1FAC5098221C7E7D00FED120 /* SearchViewController.swift */; };
		1FAC509B221C7FD100FED120 /* PokeData.swift in Sources */ = {isa = PBXBuildFile; fileRef = 1FAC509A221C7FD100FED120 /* PokeData.swift */; };
		1FE7E47A2200C7BA00078731 /* PokemonType.swift in Sources */ = {isa = PBXBuildFile; fileRef = 1FE7E4792200C7BA00078731 /* PokemonType.swift */; };
		FA0A9D7121F0240100A16F1C /* HomeViewController.swift in Sources */ = {isa = PBXBuildFile; fileRef = FA0A9D7021F0240100A16F1C /* HomeViewController.swift */; };
		FA0A9D7321F0252400A16F1C /* Pokemon.swift in Sources */ = {isa = PBXBuildFile; fileRef = FA0A9D7221F0252400A16F1C /* Pokemon.swift */; };
		FA114C0C22258AAE00154EE5 /* AppManager.swift in Sources */ = {isa = PBXBuildFile; fileRef = FA114C0B22258AAE00154EE5 /* AppManager.swift */; };
		FA185C6E21F02E5B00FA25C2 /* DetailsCell.swift in Sources */ = {isa = PBXBuildFile; fileRef = FA185C6D21F02E5B00FA25C2 /* DetailsCell.swift */; };
		FAD61FC8221F80D0009821AC /* User.swift in Sources */ = {isa = PBXBuildFile; fileRef = FAD61FC7221F80D0009821AC /* User.swift */; };
/* End PBXBuildFile section */

/* Begin PBXContainerItemProxy section */
		1F77C97721E521BF0093E56B /* PBXContainerItemProxy */ = {
			isa = PBXContainerItemProxy;
			containerPortal = 1F77C95A21E521BD0093E56B /* Project object */;
			proxyType = 1;
			remoteGlobalIDString = 1F77C96121E521BD0093E56B;
			remoteInfo = TabBar;
		};
		1F77C98221E521BF0093E56B /* PBXContainerItemProxy */ = {
			isa = PBXContainerItemProxy;
			containerPortal = 1F77C95A21E521BD0093E56B /* Project object */;
			proxyType = 1;
			remoteGlobalIDString = 1F77C96121E521BD0093E56B;
			remoteInfo = TabBar;
		};
/* End PBXContainerItemProxy section */

/* Begin PBXFileReference section */
		1F77C96221E521BD0093E56B /* PokemonesCSV.app */ = {isa = PBXFileReference; explicitFileType = wrapper.application; includeInIndex = 0; path = PokemonesCSV.app; sourceTree = BUILT_PRODUCTS_DIR; };
		1F77C96521E521BD0093E56B /* AppDelegate.swift */ = {isa = PBXFileReference; lastKnownFileType = sourcecode.swift; path = AppDelegate.swift; sourceTree = "<group>"; };
		1F77C96A21E521BD0093E56B /* Base */ = {isa = PBXFileReference; lastKnownFileType = file.storyboard; name = Base; path = Base.lproj/Main.storyboard; sourceTree = "<group>"; };
		1F77C96C21E521BF0093E56B /* Assets.xcassets */ = {isa = PBXFileReference; lastKnownFileType = folder.assetcatalog; path = Assets.xcassets; sourceTree = "<group>"; };
		1F77C96F21E521BF0093E56B /* Base */ = {isa = PBXFileReference; lastKnownFileType = file.storyboard; name = Base; path = Base.lproj/LaunchScreen.storyboard; sourceTree = "<group>"; };
		1F77C97121E521BF0093E56B /* Info.plist */ = {isa = PBXFileReference; lastKnownFileType = text.plist.xml; path = Info.plist; sourceTree = "<group>"; };
		1F77C97621E521BF0093E56B /* PokemonesCSVTests.xctest */ = {isa = PBXFileReference; explicitFileType = wrapper.cfbundle; includeInIndex = 0; path = PokemonesCSVTests.xctest; sourceTree = BUILT_PRODUCTS_DIR; };
		1F77C97A21E521BF0093E56B /* TabBarTests.swift */ = {isa = PBXFileReference; lastKnownFileType = sourcecode.swift; path = TabBarTests.swift; sourceTree = "<group>"; };
		1F77C97C21E521BF0093E56B /* Info.plist */ = {isa = PBXFileReference; lastKnownFileType = text.plist.xml; path = Info.plist; sourceTree = "<group>"; };
		1F77C98121E521BF0093E56B /* PokemonesCSVUITests.xctest */ = {isa = PBXFileReference; explicitFileType = wrapper.cfbundle; includeInIndex = 0; path = PokemonesCSVUITests.xctest; sourceTree = BUILT_PRODUCTS_DIR; };
		1F77C98521E521BF0093E56B /* TabBarUITests.swift */ = {isa = PBXFileReference; lastKnownFileType = sourcecode.swift; path = TabBarUITests.swift; sourceTree = "<group>"; };
		1F77C98721E521BF0093E56B /* Info.plist */ = {isa = PBXFileReference; lastKnownFileType = text.plist.xml; path = Info.plist; sourceTree = "<group>"; };
		1F77C99321E523080093E56B /* TabBarController.swift */ = {isa = PBXFileReference; lastKnownFileType = sourcecode.swift; path = TabBarController.swift; sourceTree = "<group>"; };
		1F86CB9D21F795B400AEB5CA /* PokemonDetailsViewController.swift */ = {isa = PBXFileReference; lastKnownFileType = sourcecode.swift; path = PokemonDetailsViewController.swift; sourceTree = "<group>"; };
		1FAC5096221C79FD00FED120 /* SearchListCell.swift */ = {isa = PBXFileReference; lastKnownFileType = sourcecode.swift; path = SearchListCell.swift; sourceTree = "<group>"; };
		1FAC5098221C7E7D00FED120 /* SearchViewController.swift */ = {isa = PBXFileReference; lastKnownFileType = sourcecode.swift; path = SearchViewController.swift; sourceTree = "<group>"; };
		1FAC509A221C7FD100FED120 /* PokeData.swift */ = {isa = PBXFileReference; lastKnownFileType = sourcecode.swift; path = PokeData.swift; sourceTree = "<group>"; };
		1FE7E4792200C7BA00078731 /* PokemonType.swift */ = {isa = PBXFileReference; lastKnownFileType = sourcecode.swift; path = PokemonType.swift; sourceTree = "<group>"; };
		FA0A9D7021F0240100A16F1C /* HomeViewController.swift */ = {isa = PBXFileReference; lastKnownFileType = sourcecode.swift; path = HomeViewController.swift; sourceTree = "<group>"; };
		FA0A9D7221F0252400A16F1C /* Pokemon.swift */ = {isa = PBXFileReference; lastKnownFileType = sourcecode.swift; path = Pokemon.swift; sourceTree = "<group>"; };
		FA114C0B22258AAE00154EE5 /* AppManager.swift */ = {isa = PBXFileReference; lastKnownFileType = sourcecode.swift; path = AppManager.swift; sourceTree = "<group>"; };
		FA185C6D21F02E5B00FA25C2 /* DetailsCell.swift */ = {isa = PBXFileReference; lastKnownFileType = sourcecode.swift; path = DetailsCell.swift; sourceTree = "<group>"; };
		FAD61FC7221F80D0009821AC /* User.swift */ = {isa = PBXFileReference; lastKnownFileType = sourcecode.swift; path = User.swift; sourceTree = "<group>"; };
/* End PBXFileReference section */

/* Begin PBXFrameworksBuildPhase section */
		1F77C95F21E521BD0093E56B /* Frameworks */ = {
			isa = PBXFrameworksBuildPhase;
			buildActionMask = 2147483647;
			files = (
			);
			runOnlyForDeploymentPostprocessing = 0;
		};
		1F77C97321E521BF0093E56B /* Frameworks */ = {
			isa = PBXFrameworksBuildPhase;
			buildActionMask = 2147483647;
			files = (
			);
			runOnlyForDeploymentPostprocessing = 0;
		};
		1F77C97E21E521BF0093E56B /* Frameworks */ = {
			isa = PBXFrameworksBuildPhase;
			buildActionMask = 2147483647;
			files = (
			);
			runOnlyForDeploymentPostprocessing = 0;
		};
/* End PBXFrameworksBuildPhase section */

/* Begin PBXGroup section */
		1F77C95921E521BD0093E56B = {
			isa = PBXGroup;
			children = (
				1F77C96421E521BD0093E56B /* TabBar */,
				1F77C97921E521BF0093E56B /* TabBarTests */,
				1F77C98421E521BF0093E56B /* TabBarUITests */,
				1F77C96321E521BD0093E56B /* Products */,
			);
			sourceTree = "<group>";
		};
		1F77C96321E521BD0093E56B /* Products */ = {
			isa = PBXGroup;
			children = (
				1F77C96221E521BD0093E56B /* PokemonesCSV.app */,
				1F77C97621E521BF0093E56B /* PokemonesCSVTests.xctest */,
				1F77C98121E521BF0093E56B /* PokemonesCSVUITests.xctest */,
			);
			name = Products;
			sourceTree = "<group>";
		};
		1F77C96421E521BD0093E56B /* TabBar */ = {
			isa = PBXGroup;
			children = (
				1F77C96521E521BD0093E56B /* AppDelegate.swift */,
				1F77C96921E521BD0093E56B /* Main.storyboard */,
				1F77C96C21E521BF0093E56B /* Assets.xcassets */,
				1F77C96E21E521BF0093E56B /* LaunchScreen.storyboard */,
				1F77C97121E521BF0093E56B /* Info.plist */,
				1FE7E4782200C79300078731 /* Constants */,
				FA114C0A22258A9100154EE5 /* Controllers */,
				FA0A9D7421F0252B00A16F1C /* Model */,
				FA185C6C21F02E1600FA25C2 /* CustomViews */,
				FA0A9D6F21F022B100A16F1C /* ViewControllers */,
			);
			path = TabBar;
			sourceTree = "<group>";
		};
		1F77C97921E521BF0093E56B /* TabBarTests */ = {
			isa = PBXGroup;
			children = (
				1F77C97A21E521BF0093E56B /* TabBarTests.swift */,
				1F77C97C21E521BF0093E56B /* Info.plist */,
			);
			path = TabBarTests;
			sourceTree = "<group>";
		};
		1F77C98421E521BF0093E56B /* TabBarUITests */ = {
			isa = PBXGroup;
			children = (
				1F77C98521E521BF0093E56B /* TabBarUITests.swift */,
				1F77C98721E521BF0093E56B /* Info.plist */,
			);
			path = TabBarUITests;
			sourceTree = "<group>";
		};
		1FE7E4782200C79300078731 /* Constants */ = {
			isa = PBXGroup;
			children = (
				1FE7E4792200C7BA00078731 /* PokemonType.swift */,
				1FAC509A221C7FD100FED120 /* PokeData.swift */,
			);
			path = Constants;
			sourceTree = "<group>";
		};
		FA0A9D6F21F022B100A16F1C /* ViewControllers */ = {
			isa = PBXGroup;
			children = (
				1F77C99321E523080093E56B /* TabBarController.swift */,
				FA0A9D7021F0240100A16F1C /* HomeViewController.swift */,
				1F86CB9D21F795B400AEB5CA /* PokemonDetailsViewController.swift */,
				1FAC5098221C7E7D00FED120 /* SearchViewController.swift */,
			);
			path = ViewControllers;
			sourceTree = "<group>";
		};
		FA0A9D7421F0252B00A16F1C /* Model */ = {
			isa = PBXGroup;
			children = (
				FA0A9D7221F0252400A16F1C /* Pokemon.swift */,
				FAD61FC7221F80D0009821AC /* User.swift */,
			);
			path = Model;
			sourceTree = "<group>";
		};
		FA114C0A22258A9100154EE5 /* Controllers */ = {
			isa = PBXGroup;
			children = (
				FA114C0B22258AAE00154EE5 /* AppManager.swift */,
			);
			path = Controllers;
			sourceTree = "<group>";
		};
		FA185C6C21F02E1600FA25C2 /* CustomViews */ = {
			isa = PBXGroup;
			children = (
				FA185C6D21F02E5B00FA25C2 /* DetailsCell.swift */,
				1FAC5096221C79FD00FED120 /* SearchListCell.swift */,
			);
			path = CustomViews;
			sourceTree = "<group>";
		};
/* End PBXGroup section */

/* Begin PBXNativeTarget section */
		1F77C96121E521BD0093E56B /* PokemonesCSV */ = {
			isa = PBXNativeTarget;
			buildConfigurationList = 1F77C98A21E521BF0093E56B /* Build configuration list for PBXNativeTarget "PokemonesCSV" */;
			buildPhases = (
				1F77C95E21E521BD0093E56B /* Sources */,
				1F77C95F21E521BD0093E56B /* Frameworks */,
				1F77C96021E521BD0093E56B /* Resources */,
			);
			buildRules = (
			);
			dependencies = (
			);
			name = PokemonesCSV;
			productName = TabBar;
			productReference = 1F77C96221E521BD0093E56B /* PokemonesCSV.app */;
			productType = "com.apple.product-type.application";
		};
		1F77C97521E521BF0093E56B /* PokemonesCSVTests */ = {
			isa = PBXNativeTarget;
			buildConfigurationList = 1F77C98D21E521BF0093E56B /* Build configuration list for PBXNativeTarget "PokemonesCSVTests" */;
			buildPhases = (
				1F77C97221E521BF0093E56B /* Sources */,
				1F77C97321E521BF0093E56B /* Frameworks */,
				1F77C97421E521BF0093E56B /* Resources */,
			);
			buildRules = (
			);
			dependencies = (
				1F77C97821E521BF0093E56B /* PBXTargetDependency */,
			);
			name = PokemonesCSVTests;
			productName = TabBarTests;
			productReference = 1F77C97621E521BF0093E56B /* PokemonesCSVTests.xctest */;
			productType = "com.apple.product-type.bundle.unit-test";
		};
		1F77C98021E521BF0093E56B /* PokemonesCSVUITests */ = {
			isa = PBXNativeTarget;
			buildConfigurationList = 1F77C99021E521BF0093E56B /* Build configuration list for PBXNativeTarget "PokemonesCSVUITests" */;
			buildPhases = (
				1F77C97D21E521BF0093E56B /* Sources */,
				1F77C97E21E521BF0093E56B /* Frameworks */,
				1F77C97F21E521BF0093E56B /* Resources */,
			);
			buildRules = (
			);
			dependencies = (
				1F77C98321E521BF0093E56B /* PBXTargetDependency */,
			);
			name = PokemonesCSVUITests;
			productName = TabBarUITests;
			productReference = 1F77C98121E521BF0093E56B /* PokemonesCSVUITests.xctest */;
			productType = "com.apple.product-type.bundle.ui-testing";
		};
/* End PBXNativeTarget section */

/* Begin PBXProject section */
		1F77C95A21E521BD0093E56B /* Project object */ = {
			isa = PBXProject;
			attributes = {
				LastSwiftUpdateCheck = 1010;
				LastUpgradeCheck = 1010;
				ORGANIZATIONNAME = "Oscar Rossello";
				TargetAttributes = {
					1F77C96121E521BD0093E56B = {
						CreatedOnToolsVersion = 10.1;
					};
					1F77C97521E521BF0093E56B = {
						CreatedOnToolsVersion = 10.1;
						TestTargetID = 1F77C96121E521BD0093E56B;
					};
					1F77C98021E521BF0093E56B = {
						CreatedOnToolsVersion = 10.1;
						TestTargetID = 1F77C96121E521BD0093E56B;
					};
				};
			};
			buildConfigurationList = 1F77C95D21E521BD0093E56B /* Build configuration list for PBXProject "PokemonesCSV" */;
			compatibilityVersion = "Xcode 9.3";
			developmentRegion = en;
			hasScannedForEncodings = 0;
			knownRegions = (
				en,
				Base,
			);
			mainGroup = 1F77C95921E521BD0093E56B;
			productRefGroup = 1F77C96321E521BD0093E56B /* Products */;
			projectDirPath = "";
			projectRoot = "";
			targets = (
				1F77C96121E521BD0093E56B /* PokemonesCSV */,
				1F77C97521E521BF0093E56B /* PokemonesCSVTests */,
				1F77C98021E521BF0093E56B /* PokemonesCSVUITests */,
			);
		};
/* End PBXProject section */

/* Begin PBXResourcesBuildPhase section */
		1F77C96021E521BD0093E56B /* Resources */ = {
			isa = PBXResourcesBuildPhase;
			buildActionMask = 2147483647;
			files = (
				1F77C97021E521BF0093E56B /* LaunchScreen.storyboard in Resources */,
				1F77C96D21E521BF0093E56B /* Assets.xcassets in Resources */,
				1F77C96B21E521BD0093E56B /* Main.storyboard in Resources */,
			);
			runOnlyForDeploymentPostprocessing = 0;
		};
		1F77C97421E521BF0093E56B /* Resources */ = {
			isa = PBXResourcesBuildPhase;
			buildActionMask = 2147483647;
			files = (
			);
			runOnlyForDeploymentPostprocessing = 0;
		};
		1F77C97F21E521BF0093E56B /* Resources */ = {
			isa = PBXResourcesBuildPhase;
			buildActionMask = 2147483647;
			files = (
			);
			runOnlyForDeploymentPostprocessing = 0;
		};
/* End PBXResourcesBuildPhase section */

/* Begin PBXSourcesBuildPhase section */
		1F77C95E21E521BD0093E56B /* Sources */ = {
			isa = PBXSourcesBuildPhase;
			buildActionMask = 2147483647;
			files = (
				FA185C6E21F02E5B00FA25C2 /* DetailsCell.swift in Sources */,
				1FAC5099221C7E7D00FED120 /* SearchViewController.swift in Sources */,
				1FAC509B221C7FD100FED120 /* PokeData.swift in Sources */,
				FA114C0C22258AAE00154EE5 /* AppManager.swift in Sources */,
				1FAC5097221C79FD00FED120 /* SearchListCell.swift in Sources */,
				1F77C96621E521BD0093E56B /* AppDelegate.swift in Sources */,
				FA0A9D7321F0252400A16F1C /* Pokemon.swift in Sources */,
				1F86CB9E21F795B400AEB5CA /* PokemonDetailsViewController.swift in Sources */,
				FA0A9D7121F0240100A16F1C /* HomeViewController.swift in Sources */,
				1F77C99421E523080093E56B /* TabBarController.swift in Sources */,
				1FE7E47A2200C7BA00078731 /* PokemonType.swift in Sources */,
				FAD61FC8221F80D0009821AC /* User.swift in Sources */,
			);
			runOnlyForDeploymentPostprocessing = 0;
		};
		1F77C97221E521BF0093E56B /* Sources */ = {
			isa = PBXSourcesBuildPhase;
			buildActionMask = 2147483647;
			files = (
				1F77C97B21E521BF0093E56B /* TabBarTests.swift in Sources */,
			);
			runOnlyForDeploymentPostprocessing = 0;
		};
		1F77C97D21E521BF0093E56B /* Sources */ = {
			isa = PBXSourcesBuildPhase;
			buildActionMask = 2147483647;
			files = (
				1F77C98621E521BF0093E56B /* TabBarUITests.swift in Sources */,
			);
			runOnlyForDeploymentPostprocessing = 0;
		};
/* End PBXSourcesBuildPhase section */

/* Begin PBXTargetDependency section */
		1F77C97821E521BF0093E56B /* PBXTargetDependency */ = {
			isa = PBXTargetDependency;
			target = 1F77C96121E521BD0093E56B /* PokemonesCSV */;
			targetProxy = 1F77C97721E521BF0093E56B /* PBXContainerItemProxy */;
		};
		1F77C98321E521BF0093E56B /* PBXTargetDependency */ = {
			isa = PBXTargetDependency;
			target = 1F77C96121E521BD0093E56B /* PokemonesCSV */;
			targetProxy = 1F77C98221E521BF0093E56B /* PBXContainerItemProxy */;
		};
/* End PBXTargetDependency section */

/* Begin PBXVariantGroup section */
		1F77C96921E521BD0093E56B /* Main.storyboard */ = {
			isa = PBXVariantGroup;
			children = (
				1F77C96A21E521BD0093E56B /* Base */,
			);
			name = Main.storyboard;
			sourceTree = "<group>";
		};
		1F77C96E21E521BF0093E56B /* LaunchScreen.storyboard */ = {
			isa = PBXVariantGroup;
			children = (
				1F77C96F21E521BF0093E56B /* Base */,
			);
			name = LaunchScreen.storyboard;
			sourceTree = "<group>";
		};
/* End PBXVariantGroup section */

/* Begin XCBuildConfiguration section */
		1F77C98821E521BF0093E56B /* Debug */ = {
			isa = XCBuildConfiguration;
			buildSettings = {
				ALWAYS_SEARCH_USER_PATHS = NO;
				CLANG_ANALYZER_NONNULL = YES;
				CLANG_ANALYZER_NUMBER_OBJECT_CONVERSION = YES_AGGRESSIVE;
				CLANG_CXX_LANGUAGE_STANDARD = "gnu++14";
				CLANG_CXX_LIBRARY = "libc++";
				CLANG_ENABLE_MODULES = YES;
				CLANG_ENABLE_OBJC_ARC = YES;
				CLANG_ENABLE_OBJC_WEAK = YES;
				CLANG_WARN_BLOCK_CAPTURE_AUTORELEASING = YES;
				CLANG_WARN_BOOL_CONVERSION = YES;
				CLANG_WARN_COMMA = YES;
				CLANG_WARN_CONSTANT_CONVERSION = YES;
				CLANG_WARN_DEPRECATED_OBJC_IMPLEMENTATIONS = YES;
				CLANG_WARN_DIRECT_OBJC_ISA_USAGE = YES_ERROR;
				CLANG_WARN_DOCUMENTATION_COMMENTS = YES;
				CLANG_WARN_EMPTY_BODY = YES;
				CLANG_WARN_ENUM_CONVERSION = YES;
				CLANG_WARN_INFINITE_RECURSION = YES;
				CLANG_WARN_INT_CONVERSION = YES;
				CLANG_WARN_NON_LITERAL_NULL_CONVERSION = YES;
				CLANG_WARN_OBJC_IMPLICIT_RETAIN_SELF = YES;
				CLANG_WARN_OBJC_LITERAL_CONVERSION = YES;
				CLANG_WARN_OBJC_ROOT_CLASS = YES_ERROR;
				CLANG_WARN_RANGE_LOOP_ANALYSIS = YES;
				CLANG_WARN_STRICT_PROTOTYPES = YES;
				CLANG_WARN_SUSPICIOUS_MOVE = YES;
				CLANG_WARN_UNGUARDED_AVAILABILITY = YES_AGGRESSIVE;
				CLANG_WARN_UNREACHABLE_CODE = YES;
				CLANG_WARN__DUPLICATE_METHOD_MATCH = YES;
				CODE_SIGN_IDENTITY = "iPhone Developer";
				COPY_PHASE_STRIP = NO;
				DEBUG_INFORMATION_FORMAT = dwarf;
				ENABLE_STRICT_OBJC_MSGSEND = YES;
				ENABLE_TESTABILITY = YES;
				GCC_C_LANGUAGE_STANDARD = gnu11;
				GCC_DYNAMIC_NO_PIC = NO;
				GCC_NO_COMMON_BLOCKS = YES;
				GCC_OPTIMIZATION_LEVEL = 0;
				GCC_PREPROCESSOR_DEFINITIONS = (
					"DEBUG=1",
					"$(inherited)",
				);
				GCC_WARN_64_TO_32_BIT_CONVERSION = YES;
				GCC_WARN_ABOUT_RETURN_TYPE = YES_ERROR;
				GCC_WARN_UNDECLARED_SELECTOR = YES;
				GCC_WARN_UNINITIALIZED_AUTOS = YES_AGGRESSIVE;
				GCC_WARN_UNUSED_FUNCTION = YES;
				GCC_WARN_UNUSED_VARIABLE = YES;
				IPHONEOS_DEPLOYMENT_TARGET = 12.1;
				MTL_ENABLE_DEBUG_INFO = INCLUDE_SOURCE;
				MTL_FAST_MATH = YES;
				ONLY_ACTIVE_ARCH = YES;
				SDKROOT = iphoneos;
				SWIFT_ACTIVE_COMPILATION_CONDITIONS = DEBUG;
				SWIFT_OPTIMIZATION_LEVEL = "-Onone";
			};
			name = Debug;
		};
		1F77C98921E521BF0093E56B /* Release */ = {
			isa = XCBuildConfiguration;
			buildSettings = {
				ALWAYS_SEARCH_USER_PATHS = NO;
				CLANG_ANALYZER_NONNULL = YES;
				CLANG_ANALYZER_NUMBER_OBJECT_CONVERSION = YES_AGGRESSIVE;
				CLANG_CXX_LANGUAGE_STANDARD = "gnu++14";
				CLANG_CXX_LIBRARY = "libc++";
				CLANG_ENABLE_MODULES = YES;
				CLANG_ENABLE_OBJC_ARC = YES;
				CLANG_ENABLE_OBJC_WEAK = YES;
				CLANG_WARN_BLOCK_CAPTURE_AUTORELEASING = YES;
				CLANG_WARN_BOOL_CONVERSION = YES;
				CLANG_WARN_COMMA = YES;
				CLANG_WARN_CONSTANT_CONVERSION = YES;
				CLANG_WARN_DEPRECATED_OBJC_IMPLEMENTATIONS = YES;
				CLANG_WARN_DIRECT_OBJC_ISA_USAGE = YES_ERROR;
				CLANG_WARN_DOCUMENTATION_COMMENTS = YES;
				CLANG_WARN_EMPTY_BODY = YES;
				CLANG_WARN_ENUM_CONVERSION = YES;
				CLANG_WARN_INFINITE_RECURSION = YES;
				CLANG_WARN_INT_CONVERSION = YES;
				CLANG_WARN_NON_LITERAL_NULL_CONVERSION = YES;
				CLANG_WARN_OBJC_IMPLICIT_RETAIN_SELF = YES;
				CLANG_WARN_OBJC_LITERAL_CONVERSION = YES;
				CLANG_WARN_OBJC_ROOT_CLASS = YES_ERROR;
				CLANG_WARN_RANGE_LOOP_ANALYSIS = YES;
				CLANG_WARN_STRICT_PROTOTYPES = YES;
				CLANG_WARN_SUSPICIOUS_MOVE = YES;
				CLANG_WARN_UNGUARDED_AVAILABILITY = YES_AGGRESSIVE;
				CLANG_WARN_UNREACHABLE_CODE = YES;
				CLANG_WARN__DUPLICATE_METHOD_MATCH = YES;
				CODE_SIGN_IDENTITY = "iPhone Developer";
				COPY_PHASE_STRIP = NO;
				DEBUG_INFORMATION_FORMAT = "dwarf-with-dsym";
				ENABLE_NS_ASSERTIONS = NO;
				ENABLE_STRICT_OBJC_MSGSEND = YES;
				GCC_C_LANGUAGE_STANDARD = gnu11;
				GCC_NO_COMMON_BLOCKS = YES;
				GCC_WARN_64_TO_32_BIT_CONVERSION = YES;
				GCC_WARN_ABOUT_RETURN_TYPE = YES_ERROR;
				GCC_WARN_UNDECLARED_SELECTOR = YES;
				GCC_WARN_UNINITIALIZED_AUTOS = YES_AGGRESSIVE;
				GCC_WARN_UNUSED_FUNCTION = YES;
				GCC_WARN_UNUSED_VARIABLE = YES;
				IPHONEOS_DEPLOYMENT_TARGET = 12.1;
				MTL_ENABLE_DEBUG_INFO = NO;
				MTL_FAST_MATH = YES;
				SDKROOT = iphoneos;
				SWIFT_COMPILATION_MODE = wholemodule;
				SWIFT_OPTIMIZATION_LEVEL = "-O";
				VALIDATE_PRODUCT = YES;
			};
			name = Release;
		};
		1F77C98B21E521BF0093E56B /* Debug */ = {
			isa = XCBuildConfiguration;
			buildSettings = {
				ASSETCATALOG_COMPILER_APPICON_NAME = AppIcon;
				CODE_SIGN_STYLE = Automatic;
				INFOPLIST_FILE = TabBar/Info.plist;
				LD_RUNPATH_SEARCH_PATHS = (
					"$(inherited)",
					"@executable_path/Frameworks",
				);
				PRODUCT_BUNDLE_IDENTIFIER = dnky.PokemonesCSV;
				PRODUCT_NAME = "$(TARGET_NAME)";
				SWIFT_VERSION = 4.2;
				TARGETED_DEVICE_FAMILY = "1,2";
			};
			name = Debug;
		};
		1F77C98C21E521BF0093E56B /* Release */ = {
			isa = XCBuildConfiguration;
			buildSettings = {
				ASSETCATALOG_COMPILER_APPICON_NAME = AppIcon;
				CODE_SIGN_STYLE = Automatic;
				INFOPLIST_FILE = TabBar/Info.plist;
				LD_RUNPATH_SEARCH_PATHS = (
					"$(inherited)",
					"@executable_path/Frameworks",
				);
				PRODUCT_BUNDLE_IDENTIFIER = dnky.PokemonesCSV;
				PRODUCT_NAME = "$(TARGET_NAME)";
				SWIFT_VERSION = 4.2;
				TARGETED_DEVICE_FAMILY = "1,2";
			};
			name = Release;
		};
		1F77C98E21E521BF0093E56B /* Debug */ = {
			isa = XCBuildConfiguration;
			buildSettings = {
				ALWAYS_EMBED_SWIFT_STANDARD_LIBRARIES = YES;
				BUNDLE_LOADER = "$(TEST_HOST)";
				CODE_SIGN_STYLE = Automatic;
				INFOPLIST_FILE = TabBarTests/Info.plist;
				LD_RUNPATH_SEARCH_PATHS = (
					"$(inherited)",
					"@executable_path/Frameworks",
					"@loader_path/Frameworks",
				);
				PRODUCT_BUNDLE_IDENTIFIER = dnky.TabBarTests;
				PRODUCT_NAME = "$(TARGET_NAME)";
				SWIFT_VERSION = 4.2;
				TARGETED_DEVICE_FAMILY = "1,2";
				TEST_HOST = "$(BUILT_PRODUCTS_DIR)/PokemonesCSV.app/PokemonesCSV";
			};
			name = Debug;
		};
		1F77C98F21E521BF0093E56B /* Release */ = {
			isa = XCBuildConfiguration;
			buildSettings = {
				ALWAYS_EMBED_SWIFT_STANDARD_LIBRARIES = YES;
				BUNDLE_LOADER = "$(TEST_HOST)";
				CODE_SIGN_STYLE = Automatic;
				INFOPLIST_FILE = TabBarTests/Info.plist;
				LD_RUNPATH_SEARCH_PATHS = (
					"$(inherited)",
					"@executable_path/Frameworks",
					"@loader_path/Frameworks",
				);
				PRODUCT_BUNDLE_IDENTIFIER = dnky.TabBarTests;
				PRODUCT_NAME = "$(TARGET_NAME)";
				SWIFT_VERSION = 4.2;
				TARGETED_DEVICE_FAMILY = "1,2";
				TEST_HOST = "$(BUILT_PRODUCTS_DIR)/PokemonesCSV.app/PokemonesCSV";
			};
			name = Release;
		};
		1F77C99121E521BF0093E56B /* Debug */ = {
			isa = XCBuildConfiguration;
			buildSettings = {
				ALWAYS_EMBED_SWIFT_STANDARD_LIBRARIES = YES;
				CODE_SIGN_STYLE = Automatic;
				INFOPLIST_FILE = TabBarUITests/Info.plist;
				LD_RUNPATH_SEARCH_PATHS = (
					"$(inherited)",
					"@executable_path/Frameworks",
					"@loader_path/Frameworks",
				);
				PRODUCT_BUNDLE_IDENTIFIER = dnky.TabBarUITests;
				PRODUCT_NAME = "$(TARGET_NAME)";
				SWIFT_VERSION = 4.2;
				TARGETED_DEVICE_FAMILY = "1,2";
				TEST_TARGET_NAME = TabBar;
			};
			name = Debug;
		};
		1F77C99221E521BF0093E56B /* Release */ = {
			isa = XCBuildConfiguration;
			buildSettings = {
				ALWAYS_EMBED_SWIFT_STANDARD_LIBRARIES = YES;
				CODE_SIGN_STYLE = Automatic;
				INFOPLIST_FILE = TabBarUITests/Info.plist;
				LD_RUNPATH_SEARCH_PATHS = (
					"$(inherited)",
					"@executable_path/Frameworks",
					"@loader_path/Frameworks",
				);
				PRODUCT_BUNDLE_IDENTIFIER = dnky.TabBarUITests;
				PRODUCT_NAME = "$(TARGET_NAME)";
				SWIFT_VERSION = 4.2;
				TARGETED_DEVICE_FAMILY = "1,2";
				TEST_TARGET_NAME = TabBar;
			};
			name = Release;
		};
/* End XCBuildConfiguration section */

/* Begin XCConfigurationList section */
		1F77C95D21E521BD0093E56B /* Build configuration list for PBXProject "PokemonesCSV" */ = {
			isa = XCConfigurationList;
			buildConfigurations = (
				1F77C98821E521BF0093E56B /* Debug */,
				1F77C98921E521BF0093E56B /* Release */,
			);
			defaultConfigurationIsVisible = 0;
			defaultConfigurationName = Release;
		};
		1F77C98A21E521BF0093E56B /* Build configuration list for PBXNativeTarget "PokemonesCSV" */ = {
			isa = XCConfigurationList;
			buildConfigurations = (
				1F77C98B21E521BF0093E56B /* Debug */,
				1F77C98C21E521BF0093E56B /* Release */,
			);
			defaultConfigurationIsVisible = 0;
			defaultConfigurationName = Release;
		};
		1F77C98D21E521BF0093E56B /* Build configuration list for PBXNativeTarget "PokemonesCSVTests" */ = {
			isa = XCConfigurationList;
			buildConfigurations = (
				1F77C98E21E521BF0093E56B /* Debug */,
				1F77C98F21E521BF0093E56B /* Release */,
			);
			defaultConfigurationIsVisible = 0;
			defaultConfigurationName = Release;
		};
		1F77C99021E521BF0093E56B /* Build configuration list for PBXNativeTarget "PokemonesCSVUITests" */ = {
			isa = XCConfigurationList;
			buildConfigurations = (
				1F77C99121E521BF0093E56B /* Debug */,
				1F77C99221E521BF0093E56B /* Release */,
			);
			defaultConfigurationIsVisible = 0;
			defaultConfigurationName = Release;
		};
/* End XCConfigurationList section */
	};
	rootObject = 1F77C95A21E521BD0093E56B /* Project object */;
}
